// !$*UTF8*$!
{
	archiveVersion = 1;
	classes = {
	};
	objectVersion = 55;
	objects = {

/* Begin PBXBuildFile section */
		6E8E5EA9291580FE00426EDC /* Quiet_Please_v2App.swift in Sources */ = {isa = PBXBuildFile; fileRef = 6E8E5EA8291580FE00426EDC /* Quiet_Please_v2App.swift */; };
		6E8E5EAB291580FE00426EDC /* ContentView.swift in Sources */ = {isa = PBXBuildFile; fileRef = 6E8E5EAA291580FE00426EDC /* ContentView.swift */; };
		6E8E5EAD2915810200426EDC /* Assets.xcassets in Resources */ = {isa = PBXBuildFile; fileRef = 6E8E5EAC2915810200426EDC /* Assets.xcassets */; };
		6E8E5EB02915810200426EDC /* Preview Assets.xcassets in Resources */ = {isa = PBXBuildFile; fileRef = 6E8E5EAF2915810200426EDC /* Preview Assets.xcassets */; };
		6E8E5EB82915811500426EDC /* Quiet.swift in Sources */ = {isa = PBXBuildFile; fileRef = 6E8E5EB72915811500426EDC /* Quiet.swift */; };
		6E8E5EBB291581CE00426EDC /* PythonKit in Frameworks */ = {isa = PBXBuildFile; productRef = 6E8E5EBA291581CE00426EDC /* PythonKit */; };
		6EBD656C2916B88800B42E7B /* Config.swift in Sources */ = {isa = PBXBuildFile; fileRef = 6EBD656B2916B88800B42E7B /* Config.swift */; };
		6EBD65732916CE3200B42E7B /* Config.plist in Resources */ = {isa = PBXBuildFile; fileRef = 6EBD65722916CE3200B42E7B /* Config.plist */; };
/* End PBXBuildFile section */

/* Begin PBXFileReference section */
		6E8E5EA5291580FE00426EDC /* Quiet Please v2.app */ = {isa = PBXFileReference; explicitFileType = wrapper.application; includeInIndex = 0; path = "Quiet Please v2.app"; sourceTree = BUILT_PRODUCTS_DIR; };
		6E8E5EA8291580FE00426EDC /* Quiet_Please_v2App.swift */ = {isa = PBXFileReference; lastKnownFileType = sourcecode.swift; path = Quiet_Please_v2App.swift; sourceTree = "<group>"; };
		6E8E5EAA291580FE00426EDC /* ContentView.swift */ = {isa = PBXFileReference; lastKnownFileType = sourcecode.swift; path = ContentView.swift; sourceTree = "<group>"; };
		6E8E5EAC2915810200426EDC /* Assets.xcassets */ = {isa = PBXFileReference; lastKnownFileType = folder.assetcatalog; path = Assets.xcassets; sourceTree = "<group>"; };
		6E8E5EAF2915810200426EDC /* Preview Assets.xcassets */ = {isa = PBXFileReference; lastKnownFileType = folder.assetcatalog; path = "Preview Assets.xcassets"; sourceTree = "<group>"; };
		6E8E5EB12915810200426EDC /* Quiet_Please_v2.entitlements */ = {isa = PBXFileReference; lastKnownFileType = text.plist.entitlements; path = Quiet_Please_v2.entitlements; sourceTree = "<group>"; };
		6E8E5EB72915811500426EDC /* Quiet.swift */ = {isa = PBXFileReference; lastKnownFileType = sourcecode.swift; path = Quiet.swift; sourceTree = "<group>"; };
		6EBD656B2916B88800B42E7B /* Config.swift */ = {isa = PBXFileReference; fileEncoding = 4; lastKnownFileType = sourcecode.swift; path = Config.swift; sourceTree = "<group>"; };
		6EBD65722916CE3200B42E7B /* Config.plist */ = {isa = PBXFileReference; fileEncoding = 4; lastKnownFileType = text.plist.xml; name = Config.plist; path = ../../../Config.plist; sourceTree = "<group>"; };
/* End PBXFileReference section */

/* Begin PBXFrameworksBuildPhase section */
		6E8E5EA2291580FE00426EDC /* Frameworks */ = {
			isa = PBXFrameworksBuildPhase;
			buildActionMask = 2147483647;
			files = (
				6E8E5EBB291581CE00426EDC /* PythonKit in Frameworks */,
			);
			runOnlyForDeploymentPostprocessing = 0;
		};
/* End PBXFrameworksBuildPhase section */

/* Begin PBXGroup section */
		6E8E5E9C291580FE00426EDC = {
			isa = PBXGroup;
			children = (
				6E8E5EA7291580FE00426EDC /* Quiet Please v2 */,
				6E8E5EA6291580FE00426EDC /* Products */,
			);
			sourceTree = "<group>";
		};
		6E8E5EA6291580FE00426EDC /* Products */ = {
			isa = PBXGroup;
			children = (
				6E8E5EA5291580FE00426EDC /* Quiet Please v2.app */,
			);
			name = Products;
			sourceTree = "<group>";
		};
		6E8E5EA7291580FE00426EDC /* Quiet Please v2 */ = {
			isa = PBXGroup;
			children = (
				6EBD65722916CE3200B42E7B /* Config.plist */,
				6E8E5EA8291580FE00426EDC /* Quiet_Please_v2App.swift */,
				6E8E5EAA291580FE00426EDC /* ContentView.swift */,
				6E8E5EB72915811500426EDC /* Quiet.swift */,
				6EBD656B2916B88800B42E7B /* Config.swift */,
				6E8E5EAC2915810200426EDC /* Assets.xcassets */,
				6E8E5EB12915810200426EDC /* Quiet_Please_v2.entitlements */,
				6E8E5EAE2915810200426EDC /* Preview Content */,
			);
			path = "Quiet Please v2";
			sourceTree = "<group>";
		};
		6E8E5EAE2915810200426EDC /* Preview Content */ = {
			isa = PBXGroup;
			children = (
				6E8E5EAF2915810200426EDC /* Preview Assets.xcassets */,
			);
			path = "Preview Content";
			sourceTree = "<group>";
		};
/* End PBXGroup section */

/* Begin PBXNativeTarget section */
		6E8E5EA4291580FE00426EDC /* Quiet Please v2 */ = {
			isa = PBXNativeTarget;
			buildConfigurationList = 6E8E5EB42915810200426EDC /* Build configuration list for PBXNativeTarget "Quiet Please v2" */;
			buildPhases = (
				6E8E5EA1291580FE00426EDC /* Sources */,
				6E8E5EA2291580FE00426EDC /* Frameworks */,
				6E8E5EA3291580FE00426EDC /* Resources */,
			);
			buildRules = (
			);
			dependencies = (
			);
			name = "Quiet Please v2";
			packageProductDependencies = (
				6E8E5EBA291581CE00426EDC /* PythonKit */,
			);
			productName = "Quiet Please v2";
			productReference = 6E8E5EA5291580FE00426EDC /* Quiet Please v2.app */;
			productType = "com.apple.product-type.application";
		};
/* End PBXNativeTarget section */

/* Begin PBXProject section */
		6E8E5E9D291580FE00426EDC /* Project object */ = {
			isa = PBXProject;
			attributes = {
				BuildIndependentTargetsInParallel = 1;
				LastSwiftUpdateCheck = 1320;
				LastUpgradeCheck = 1320;
				TargetAttributes = {
					6E8E5EA4291580FE00426EDC = {
						CreatedOnToolsVersion = 13.2;
					};
				};
			};
			buildConfigurationList = 6E8E5EA0291580FE00426EDC /* Build configuration list for PBXProject "Quiet Please v2" */;
			compatibilityVersion = "Xcode 13.0";
			developmentRegion = en;
			hasScannedForEncodings = 0;
			knownRegions = (
				en,
				Base,
			);
			mainGroup = 6E8E5E9C291580FE00426EDC;
			packageReferences = (
				6E8E5EB9291581CE00426EDC /* XCRemoteSwiftPackageReference "PythonKit" */,
			);
			productRefGroup = 6E8E5EA6291580FE00426EDC /* Products */;
			projectDirPath = "";
			projectRoot = "";
			targets = (
				6E8E5EA4291580FE00426EDC /* Quiet Please v2 */,
			);
		};
/* End PBXProject section */

/* Begin PBXResourcesBuildPhase section */
		6E8E5EA3291580FE00426EDC /* Resources */ = {
			isa = PBXResourcesBuildPhase;
			buildActionMask = 2147483647;
			files = (
				6E8E5EB02915810200426EDC /* Preview Assets.xcassets in Resources */,
				6EBD65732916CE3200B42E7B /* Config.plist in Resources */,
				6E8E5EAD2915810200426EDC /* Assets.xcassets in Resources */,
			);
			runOnlyForDeploymentPostprocessing = 0;
		};
/* End PBXResourcesBuildPhase section */

/* Begin PBXSourcesBuildPhase section */
		6E8E5EA1291580FE00426EDC /* Sources */ = {
			isa = PBXSourcesBuildPhase;
			buildActionMask = 2147483647;
			files = (
				6E8E5EAB291580FE00426EDC /* ContentView.swift in Sources */,
				6EBD656C2916B88800B42E7B /* Config.swift in Sources */,
				6E8E5EB82915811500426EDC /* Quiet.swift in Sources */,
				6E8E5EA9291580FE00426EDC /* Quiet_Please_v2App.swift in Sources */,
			);
			runOnlyForDeploymentPostprocessing = 0;
		};
/* End PBXSourcesBuildPhase section */

/* Begin XCBuildConfiguration section */
		6E8E5EB22915810200426EDC /* Debug */ = {
			isa = XCBuildConfiguration;
			buildSettings = {
				ALWAYS_SEARCH_USER_PATHS = NO;
				CLANG_ANALYZER_NONNULL = YES;
				CLANG_ANALYZER_NUMBER_OBJECT_CONVERSION = YES_AGGRESSIVE;
				CLANG_CXX_LANGUAGE_STANDARD = "gnu++17";
				CLANG_CXX_LIBRARY = "libc++";
				CLANG_ENABLE_MODULES = YES;
				CLANG_ENABLE_OBJC_ARC = YES;
				CLANG_ENABLE_OBJC_WEAK = YES;
				CLANG_WARN_BLOCK_CAPTURE_AUTORELEASING = YES;
				CLANG_WARN_BOOL_CONVERSION = YES;
				CLANG_WARN_COMMA = YES;
				CLANG_WARN_CONSTANT_CONVERSION = YES;
				CLANG_WARN_DEPRECATED_OBJC_IMPLEMENTATIONS = YES;
				CLANG_WARN_DIRECT_OBJC_ISA_USAGE = YES_ERROR;
				CLANG_WARN_DOCUMENTATION_COMMENTS = YES;
				CLANG_WARN_EMPTY_BODY = YES;
				CLANG_WARN_ENUM_CONVERSION = YES;
				CLANG_WARN_INFINITE_RECURSION = YES;
				CLANG_WARN_INT_CONVERSION = YES;
				CLANG_WARN_NON_LITERAL_NULL_CONVERSION = YES;
				CLANG_WARN_OBJC_IMPLICIT_RETAIN_SELF = YES;
				CLANG_WARN_OBJC_LITERAL_CONVERSION = YES;
				CLANG_WARN_OBJC_ROOT_CLASS = YES_ERROR;
				CLANG_WARN_QUOTED_INCLUDE_IN_FRAMEWORK_HEADER = YES;
				CLANG_WARN_RANGE_LOOP_ANALYSIS = YES;
				CLANG_WARN_STRICT_PROTOTYPES = YES;
				CLANG_WARN_SUSPICIOUS_MOVE = YES;
				CLANG_WARN_UNGUARDED_AVAILABILITY = YES_AGGRESSIVE;
				CLANG_WARN_UNREACHABLE_CODE = YES;
				CLANG_WARN__DUPLICATE_METHOD_MATCH = YES;
				COPY_PHASE_STRIP = NO;
				DEBUG_INFORMATION_FORMAT = dwarf;
				ENABLE_STRICT_OBJC_MSGSEND = YES;
				ENABLE_TESTABILITY = YES;
				GCC_C_LANGUAGE_STANDARD = gnu11;
				GCC_DYNAMIC_NO_PIC = NO;
				GCC_NO_COMMON_BLOCKS = YES;
				GCC_OPTIMIZATION_LEVEL = 0;
				GCC_PREPROCESSOR_DEFINITIONS = (
					"DEBUG=1",
					"$(inherited)",
				);
				GCC_WARN_64_TO_32_BIT_CONVERSION = YES;
				GCC_WARN_ABOUT_RETURN_TYPE = YES_ERROR;
				GCC_WARN_UNDECLARED_SELECTOR = YES;
				GCC_WARN_UNINITIALIZED_AUTOS = YES_AGGRESSIVE;
				GCC_WARN_UNUSED_FUNCTION = YES;
				GCC_WARN_UNUSED_VARIABLE = YES;
				MACOSX_DEPLOYMENT_TARGET = 12.1;
				MTL_ENABLE_DEBUG_INFO = INCLUDE_SOURCE;
				MTL_FAST_MATH = YES;
				ONLY_ACTIVE_ARCH = YES;
				SDKROOT = macosx;
				SWIFT_ACTIVE_COMPILATION_CONDITIONS = DEBUG;
				SWIFT_OPTIMIZATION_LEVEL = "-Onone";
			};
			name = Debug;
		};
		6E8E5EB32915810200426EDC /* Release */ = {
			isa = XCBuildConfiguration;
			buildSettings = {
				ALWAYS_SEARCH_USER_PATHS = NO;
				CLANG_ANALYZER_NONNULL = YES;
				CLANG_ANALYZER_NUMBER_OBJECT_CONVERSION = YES_AGGRESSIVE;
				CLANG_CXX_LANGUAGE_STANDARD = "gnu++17";
				CLANG_CXX_LIBRARY = "libc++";
				CLANG_ENABLE_MODULES = YES;
				CLANG_ENABLE_OBJC_ARC = YES;
				CLANG_ENABLE_OBJC_WEAK = YES;
				CLANG_WARN_BLOCK_CAPTURE_AUTORELEASING = YES;
				CLANG_WARN_BOOL_CONVERSION = YES;
				CLANG_WARN_COMMA = YES;
				CLANG_WARN_CONSTANT_CONVERSION = YES;
				CLANG_WARN_DEPRECATED_OBJC_IMPLEMENTATIONS = YES;
				CLANG_WARN_DIRECT_OBJC_ISA_USAGE = YES_ERROR;
				CLANG_WARN_DOCUMENTATION_COMMENTS = YES;
				CLANG_WARN_EMPTY_BODY = YES;
				CLANG_WARN_ENUM_CONVERSION = YES;
				CLANG_WARN_INFINITE_RECURSION = YES;
				CLANG_WARN_INT_CONVERSION = YES;
				CLANG_WARN_NON_LITERAL_NULL_CONVERSION = YES;
				CLANG_WARN_OBJC_IMPLICIT_RETAIN_SELF = YES;
				CLANG_WARN_OBJC_LITERAL_CONVERSION = YES;
				CLANG_WARN_OBJC_ROOT_CLASS = YES_ERROR;
				CLANG_WARN_QUOTED_INCLUDE_IN_FRAMEWORK_HEADER = YES;
				CLANG_WARN_RANGE_LOOP_ANALYSIS = YES;
				CLANG_WARN_STRICT_PROTOTYPES = YES;
				CLANG_WARN_SUSPICIOUS_MOVE = YES;
				CLANG_WARN_UNGUARDED_AVAILABILITY = YES_AGGRESSIVE;
				CLANG_WARN_UNREACHABLE_CODE = YES;
				CLANG_WARN__DUPLICATE_METHOD_MATCH = YES;
				COPY_PHASE_STRIP = NO;
				DEBUG_INFORMATION_FORMAT = "dwarf-with-dsym";
				ENABLE_NS_ASSERTIONS = NO;
				ENABLE_STRICT_OBJC_MSGSEND = YES;
				GCC_C_LANGUAGE_STANDARD = gnu11;
				GCC_NO_COMMON_BLOCKS = YES;
				GCC_WARN_64_TO_32_BIT_CONVERSION = YES;
				GCC_WARN_ABOUT_RETURN_TYPE = YES_ERROR;
				GCC_WARN_UNDECLARED_SELECTOR = YES;
				GCC_WARN_UNINITIALIZED_AUTOS = YES_AGGRESSIVE;
				GCC_WARN_UNUSED_FUNCTION = YES;
				GCC_WARN_UNUSED_VARIABLE = YES;
				MACOSX_DEPLOYMENT_TARGET = 12.1;
				MTL_ENABLE_DEBUG_INFO = NO;
				MTL_FAST_MATH = YES;
				SDKROOT = macosx;
				SWIFT_COMPILATION_MODE = wholemodule;
				SWIFT_OPTIMIZATION_LEVEL = "-O";
			};
			name = Release;
		};
		6E8E5EB52915810200426EDC /* Debug */ = {
			isa = XCBuildConfiguration;
			buildSettings = {
				ASSETCATALOG_COMPILER_APPICON_NAME = AppIcon;
				ASSETCATALOG_COMPILER_GLOBAL_ACCENT_COLOR_NAME = AccentColor;
				CODE_SIGN_ENTITLEMENTS = "Quiet Please v2/Quiet_Please_v2.entitlements";
				CODE_SIGN_STYLE = Manual;
				COMBINE_HIDPI_IMAGES = YES;
				CURRENT_PROJECT_VERSION = 1;
				DEVELOPMENT_ASSET_PATHS = "\"Quiet Please v2/Preview Content\"";
				DEVELOPMENT_TEAM = "";
				ENABLE_PREVIEWS = YES;
				GENERATE_INFOPLIST_FILE = YES;
				INFOPLIST_KEY_NSHumanReadableCopyright = "";
				LD_RUNPATH_SEARCH_PATHS = (
					"$(inherited)",
					"@executable_path/../Frameworks",
				);
				MARKETING_VERSION = 1.0;
				PRODUCT_BUNDLE_IDENTIFIER = "sk.Quiet-Please-v2";
				PRODUCT_NAME = "$(TARGET_NAME)";
				PROVISIONING_PROFILE_SPECIFIER = "";
				SWIFT_EMIT_LOC_STRINGS = YES;
				SWIFT_VERSION = 5.0;
			};
			name = Debug;
		};
		6E8E5EB62915810200426EDC /* Release */ = {
			isa = XCBuildConfiguration;
			buildSettings = {
				ASSETCATALOG_COMPILER_APPICON_NAME = AppIcon;
				ASSETCATALOG_COMPILER_GLOBAL_ACCENT_COLOR_NAME = AccentColor;
				CODE_SIGN_ENTITLEMENTS = "Quiet Please v2/Quiet_Please_v2.entitlements";
				CODE_SIGN_STYLE = Manual;
				COMBINE_HIDPI_IMAGES = YES;
				CURRENT_PROJECT_VERSION = 1;
				DEVELOPMENT_ASSET_PATHS = "\"Quiet Please v2/Preview Content\"";
				DEVELOPMENT_TEAM = "";
				ENABLE_PREVIEWS = YES;
				GENERATE_INFOPLIST_FILE = YES;
				INFOPLIST_KEY_NSHumanReadableCopyright = "";
				LD_RUNPATH_SEARCH_PATHS = (
					"$(inherited)",
					"@executable_path/../Frameworks",
				);
				MARKETING_VERSION = 1.0;
				PRODUCT_BUNDLE_IDENTIFIER = "sk.Quiet-Please-v2";
				PRODUCT_NAME = "$(TARGET_NAME)";
				PROVISIONING_PROFILE_SPECIFIER = "";
				SWIFT_EMIT_LOC_STRINGS = YES;
				SWIFT_VERSION = 5.0;
			};
			name = Release;
		};
/* End XCBuildConfiguration section */

/* Begin XCConfigurationList section */
		6E8E5EA0291580FE00426EDC /* Build configuration list for PBXProject "Quiet Please v2" */ = {
			isa = XCConfigurationList;
			buildConfigurations = (
				6E8E5EB22915810200426EDC /* Debug */,
				6E8E5EB32915810200426EDC /* Release */,
			);
			defaultConfigurationIsVisible = 0;
			defaultConfigurationName = Release;
		};
		6E8E5EB42915810200426EDC /* Build configuration list for PBXNativeTarget "Quiet Please v2" */ = {
			isa = XCConfigurationList;
			buildConfigurations = (
				6E8E5EB52915810200426EDC /* Debug */,
				6E8E5EB62915810200426EDC /* Release */,
			);
			defaultConfigurationIsVisible = 0;
			defaultConfigurationName = Release;
		};
/* End XCConfigurationList section */

/* Begin XCRemoteSwiftPackageReference section */
		6E8E5EB9291581CE00426EDC /* XCRemoteSwiftPackageReference "PythonKit" */ = {
			isa = XCRemoteSwiftPackageReference;
			repositoryURL = "https://github.com/pvieito/PythonKit";
			requirement = {
				branch = master;
				kind = branch;
			};
		};
/* End XCRemoteSwiftPackageReference section */

/* Begin XCSwiftPackageProductDependency section */
		6E8E5EBA291581CE00426EDC /* PythonKit */ = {
			isa = XCSwiftPackageProductDependency;
			package = 6E8E5EB9291581CE00426EDC /* XCRemoteSwiftPackageReference "PythonKit" */;
			productName = PythonKit;
		};
/* End XCSwiftPackageProductDependency section */
	};
	rootObject = 6E8E5E9D291580FE00426EDC /* Project object */;
}
